
Microsoft Visual Studio Solution File, Format Version 12.00
# Visual Studio Version 17
VisualStudioVersion = 17.10.35013.160
MinimumVisualStudioVersion = 10.0.40219.1
Project("{FAE04EC0-301F-11D3-BF4B-00C04F79EFBC}") = "SpellChecker", "SpellChecker\SpellChecker.csproj", "{27C113DD-39C6-4A2B-8F9C-7729E177475D}"
EndProject
Global
	GlobalSection(SolutionConfigurationPlatforms) = preSolution
		Debug|Any CPU = Debug|Any CPU
		Release|Any CPU = Release|Any CPU
	EndGlobalSection
	GlobalSection(ProjectConfigurationPlatforms) = postSolution
		{27C113DD-39C6-4A2B-8F9C-7729E177475D}.Debug|Any CPU.ActiveCfg = Debug|Any CPU
		{27C113DD-39C6-4A2B-8F9C-7729E177475D}.Debug|Any CPU.Build.0 = Debug|Any CPU
		{27C113DD-39C6-4A2B-8F9C-7729E177475D}.Release|Any CPU.ActiveCfg = Release|Any CPU
		{27C113DD-39C6-4A2B-8F9C-7729E177475D}.Release|Any CPU.Build.0 = Release|Any CPU
	EndGlobalSection
	GlobalSection(SolutionProperties) = preSolution
		HideSolutionNode = FALSE
	EndGlobalSection
	GlobalSection(ExtensibilityGlobals) = postSolution
		SolutionGuid = {3463A85D-0F4A-4710-80FE-E1BD73F59EA8}
	EndGlobalSection
EndGlobal
